
Microsoft Visual Studio Solution File, Format Version 12.00
# Visual Studio 15
VisualStudioVersion = 15.0.28307.102
MinimumVisualStudioVersion = 10.0.40219.1
Project("{8BC9CEB8-8B4A-11D0-8D11-00A0C91BC942}") = "myFirstProj", "myFirstProj\myFirstProj.vcxproj", "{DEC0A7C6-C0A0-4103-9611-4DC37714A0BC}"
EndProject
Global
	GlobalSection(SolutionConfigurationPlatforms) = preSolution
		Debug|x64 = Debug|x64
		Debug|x86 = Debug|x86
		Release|x64 = Release|x64
		Release|x86 = Release|x86
	EndGlobalSection
	GlobalSection(ProjectConfigurationPlatforms) = postSolution
		{DEC0A7C6-C0A0-4103-9611-4DC37714A0BC}.Debug|x64.ActiveCfg = Debug|x64
		{DEC0A7C6-C0A0-4103-9611-4DC37714A0BC}.Debug|x64.Build.0 = Debug|x64
		{DEC0A7C6-C0A0-4103-9611-4DC37714A0BC}.Debug|x86.ActiveCfg = Debug|Win32
		{DEC0A7C6-C0A0-4103-9611-4DC37714A0BC}.Debug|x86.Build.0 = Debug|Win32
		{DEC0A7C6-C0A0-4103-9611-4DC37714A0BC}.Release|x64.ActiveCfg = Release|x64
		{DEC0A7C6-C0A0-4103-9611-4DC37714A0BC}.Release|x64.Build.0 = Release|x64
		{DEC0A7C6-C0A0-4103-9611-4DC37714A0BC}.Release|x86.ActiveCfg = Release|Win32
		{DEC0A7C6-C0A0-4103-9611-4DC37714A0BC}.Release|x86.Build.0 = Release|Win32
	EndGlobalSection
	GlobalSection(SolutionProperties) = preSolution
		HideSolutionNode = FALSE
	EndGlobalSection
	GlobalSection(ExtensibilityGlobals) = postSolution
		SolutionGuid = {E82548C5-02F1-4401-A5F5-0911F8CD449F}
	EndGlobalSection
EndGlobal
