
Microsoft Visual Studio Solution File, Format Version 12.00
# Visual Studio 15
VisualStudioVersion = 15.0.28307.102
MinimumVisualStudioVersion = 10.0.40219.1
Project("{8BC9CEB8-8B4A-11D0-8D11-00A0C91BC942}") = "coding", "coding\coding.vcxproj", "{0126FD22-2DF8-4185-A939-B4F8A1D36801}"
EndProject
Project("{8BC9CEB8-8B4A-11D0-8D11-00A0C91BC942}") = "stringProblems", "stringProblems\stringProblems.vcxproj", "{6E44025E-9620-4EDA-B097-C50A0B2FDAB9}"
EndProject
Project("{8BC9CEB8-8B4A-11D0-8D11-00A0C91BC942}") = "ArrayProblems", "ArrayProblems\ArrayProblems.vcxproj", "{2F64A0AF-F58A-4EE8-A83D-AAA0D697BB9C}"
EndProject
Project("{8BC9CEB8-8B4A-11D0-8D11-00A0C91BC942}") = "ReallyBigNumber", "ReallyBigNumber\ReallyBigNumber.vcxproj", "{08F74362-BF35-46AD-85A5-2041C2F4272A}"
EndProject
Global
	GlobalSection(SolutionConfigurationPlatforms) = preSolution
		Debug|x64 = Debug|x64
		Debug|x86 = Debug|x86
		Release|x64 = Release|x64
		Release|x86 = Release|x86
	EndGlobalSection
	GlobalSection(ProjectConfigurationPlatforms) = postSolution
		{0126FD22-2DF8-4185-A939-B4F8A1D36801}.Debug|x64.ActiveCfg = Debug|x64
		{0126FD22-2DF8-4185-A939-B4F8A1D36801}.Debug|x64.Build.0 = Debug|x64
		{0126FD22-2DF8-4185-A939-B4F8A1D36801}.Debug|x86.ActiveCfg = Debug|Win32
		{0126FD22-2DF8-4185-A939-B4F8A1D36801}.Debug|x86.Build.0 = Debug|Win32
		{0126FD22-2DF8-4185-A939-B4F8A1D36801}.Release|x64.ActiveCfg = Release|x64
		{0126FD22-2DF8-4185-A939-B4F8A1D36801}.Release|x64.Build.0 = Release|x64
		{0126FD22-2DF8-4185-A939-B4F8A1D36801}.Release|x86.ActiveCfg = Release|Win32
		{0126FD22-2DF8-4185-A939-B4F8A1D36801}.Release|x86.Build.0 = Release|Win32
		{6E44025E-9620-4EDA-B097-C50A0B2FDAB9}.Debug|x64.ActiveCfg = Debug|x64
		{6E44025E-9620-4EDA-B097-C50A0B2FDAB9}.Debug|x64.Build.0 = Debug|x64
		{6E44025E-9620-4EDA-B097-C50A0B2FDAB9}.Debug|x86.ActiveCfg = Debug|Win32
		{6E44025E-9620-4EDA-B097-C50A0B2FDAB9}.Debug|x86.Build.0 = Debug|Win32
		{6E44025E-9620-4EDA-B097-C50A0B2FDAB9}.Release|x64.ActiveCfg = Release|x64
		{6E44025E-9620-4EDA-B097-C50A0B2FDAB9}.Release|x64.Build.0 = Release|x64
		{6E44025E-9620-4EDA-B097-C50A0B2FDAB9}.Release|x86.ActiveCfg = Release|Win32
		{6E44025E-9620-4EDA-B097-C50A0B2FDAB9}.Release|x86.Build.0 = Release|Win32
		{2F64A0AF-F58A-4EE8-A83D-AAA0D697BB9C}.Debug|x64.ActiveCfg = Debug|x64
		{2F64A0AF-F58A-4EE8-A83D-AAA0D697BB9C}.Debug|x64.Build.0 = Debug|x64
		{2F64A0AF-F58A-4EE8-A83D-AAA0D697BB9C}.Debug|x86.ActiveCfg = Debug|Win32
		{2F64A0AF-F58A-4EE8-A83D-AAA0D697BB9C}.Debug|x86.Build.0 = Debug|Win32
		{2F64A0AF-F58A-4EE8-A83D-AAA0D697BB9C}.Release|x64.ActiveCfg = Release|x64
		{2F64A0AF-F58A-4EE8-A83D-AAA0D697BB9C}.Release|x64.Build.0 = Release|x64
		{2F64A0AF-F58A-4EE8-A83D-AAA0D697BB9C}.Release|x86.ActiveCfg = Release|Win32
		{2F64A0AF-F58A-4EE8-A83D-AAA0D697BB9C}.Release|x86.Build.0 = Release|Win32
		{08F74362-BF35-46AD-85A5-2041C2F4272A}.Debug|x64.ActiveCfg = Debug|x64
		{08F74362-BF35-46AD-85A5-2041C2F4272A}.Debug|x64.Build.0 = Debug|x64
		{08F74362-BF35-46AD-85A5-2041C2F4272A}.Debug|x86.ActiveCfg = Debug|Win32
		{08F74362-BF35-46AD-85A5-2041C2F4272A}.Debug|x86.Build.0 = Debug|Win32
		{08F74362-BF35-46AD-85A5-2041C2F4272A}.Release|x64.ActiveCfg = Release|x64
		{08F74362-BF35-46AD-85A5-2041C2F4272A}.Release|x64.Build.0 = Release|x64
		{08F74362-BF35-46AD-85A5-2041C2F4272A}.Release|x86.ActiveCfg = Release|Win32
		{08F74362-BF35-46AD-85A5-2041C2F4272A}.Release|x86.Build.0 = Release|Win32
	EndGlobalSection
	GlobalSection(SolutionProperties) = preSolution
		HideSolutionNode = FALSE
	EndGlobalSection
	GlobalSection(ExtensibilityGlobals) = postSolution
		SolutionGuid = {5B630FBF-62B8-4108-BB88-C21843EC44D8}
	EndGlobalSection
EndGlobal
